
Microsoft Visual Studio Solution File, Format Version 12.00
# Visual Studio Version 16
VisualStudioVersion = 16.0.30309.148
MinimumVisualStudioVersion = 10.0.40219.1
Project("{FAE04EC0-301F-11D3-BF4B-00C04F79EFBC}") = "WBD-Demo", "WBD-Demo\WBD-Demo.csproj", "{F14F96CF-8139-4BAB-80B7-DD86610921F5}"
EndProject
Global
	GlobalSection(SolutionConfigurationPlatforms) = preSolution
		Debug|Any CPU = Debug|Any CPU
		Release|Any CPU = Release|Any CPU
	EndGlobalSection
	GlobalSection(ProjectConfigurationPlatforms) = postSolution
		{F14F96CF-8139-4BAB-80B7-DD86610921F5}.Debug|Any CPU.ActiveCfg = Debug|Any CPU
		{F14F96CF-8139-4BAB-80B7-DD86610921F5}.Debug|Any CPU.Build.0 = Debug|Any CPU
		{F14F96CF-8139-4BAB-80B7-DD86610921F5}.Release|Any CPU.ActiveCfg = Release|Any CPU
		{F14F96CF-8139-4BAB-80B7-DD86610921F5}.Release|Any CPU.Build.0 = Release|Any CPU
	EndGlobalSection
	GlobalSection(SolutionProperties) = preSolution
		HideSolutionNode = FALSE
	EndGlobalSection
	GlobalSection(ExtensibilityGlobals) = postSolution
		SolutionGuid = {A19457CC-D641-41BF-98F6-B7DA77872B14}
	EndGlobalSection
EndGlobal
