
Microsoft Visual Studio Solution File, Format Version 12.00
# Visual Studio Version 16
VisualStudioVersion = 16.0.30406.217
MinimumVisualStudioVersion = 10.0.40219.1
Project("{FAE04EC0-301F-11D3-BF4B-00C04F79EFBC}") = "ManagementStudent", "ManagementStudent\ManagementStudent.csproj", "{DFA44E11-F4AD-4A69-936B-E7049FA0077C}"
EndProject
Global
	GlobalSection(SolutionConfigurationPlatforms) = preSolution
		Debug|Any CPU = Debug|Any CPU
		Release|Any CPU = Release|Any CPU
	EndGlobalSection
	GlobalSection(ProjectConfigurationPlatforms) = postSolution
		{DFA44E11-F4AD-4A69-936B-E7049FA0077C}.Debug|Any CPU.ActiveCfg = Debug|Any CPU
		{DFA44E11-F4AD-4A69-936B-E7049FA0077C}.Debug|Any CPU.Build.0 = Debug|Any CPU
		{DFA44E11-F4AD-4A69-936B-E7049FA0077C}.Release|Any CPU.ActiveCfg = Release|Any CPU
		{DFA44E11-F4AD-4A69-936B-E7049FA0077C}.Release|Any CPU.Build.0 = Release|Any CPU
	EndGlobalSection
	GlobalSection(SolutionProperties) = preSolution
		HideSolutionNode = FALSE
	EndGlobalSection
	GlobalSection(ExtensibilityGlobals) = postSolution
		SolutionGuid = {1ECFDE4C-EBB3-4815-85B6-986F2EFC6444}
	EndGlobalSection
EndGlobal
