
Microsoft Visual Studio Solution File, Format Version 12.00
# Visual Studio Version 16
VisualStudioVersion = 16.0.30406.217
MinimumVisualStudioVersion = 10.0.40219.1
Project("{FAE04EC0-301F-11D3-BF4B-00C04F79EFBC}") = "LoginByIdentity", "LoginByIdentity\LoginByIdentity.csproj", "{43BF5603-1CED-47D4-9A5B-CA7EC293193E}"
EndProject
Global
	GlobalSection(SolutionConfigurationPlatforms) = preSolution
		Debug|Any CPU = Debug|Any CPU
		Release|Any CPU = Release|Any CPU
	EndGlobalSection
	GlobalSection(ProjectConfigurationPlatforms) = postSolution
		{43BF5603-1CED-47D4-9A5B-CA7EC293193E}.Debug|Any CPU.ActiveCfg = Debug|Any CPU
		{43BF5603-1CED-47D4-9A5B-CA7EC293193E}.Debug|Any CPU.Build.0 = Debug|Any CPU
		{43BF5603-1CED-47D4-9A5B-CA7EC293193E}.Release|Any CPU.ActiveCfg = Release|Any CPU
		{43BF5603-1CED-47D4-9A5B-CA7EC293193E}.Release|Any CPU.Build.0 = Release|Any CPU
	EndGlobalSection
	GlobalSection(SolutionProperties) = preSolution
		HideSolutionNode = FALSE
	EndGlobalSection
	GlobalSection(ExtensibilityGlobals) = postSolution
		SolutionGuid = {66B3942D-4117-4372-8BC8-E7ABD8EF59C7}
	EndGlobalSection
EndGlobal
