
Microsoft Visual Studio Solution File, Format Version 12.00
# Visual Studio Version 16
VisualStudioVersion = 16.0.30406.217
MinimumVisualStudioVersion = 10.0.40219.1
Project("{FAE04EC0-301F-11D3-BF4B-00C04F79EFBC}") = "StudentManagement", "StudentManagement\StudentManagement.csproj", "{F9B88EA7-8A02-4E01-95C5-DFF9B829DBFA}"
EndProject
Global
	GlobalSection(SolutionConfigurationPlatforms) = preSolution
		Debug|Any CPU = Debug|Any CPU
		Release|Any CPU = Release|Any CPU
	EndGlobalSection
	GlobalSection(ProjectConfigurationPlatforms) = postSolution
		{F9B88EA7-8A02-4E01-95C5-DFF9B829DBFA}.Debug|Any CPU.ActiveCfg = Debug|Any CPU
		{F9B88EA7-8A02-4E01-95C5-DFF9B829DBFA}.Debug|Any CPU.Build.0 = Debug|Any CPU
		{F9B88EA7-8A02-4E01-95C5-DFF9B829DBFA}.Release|Any CPU.ActiveCfg = Release|Any CPU
		{F9B88EA7-8A02-4E01-95C5-DFF9B829DBFA}.Release|Any CPU.Build.0 = Release|Any CPU
	EndGlobalSection
	GlobalSection(SolutionProperties) = preSolution
		HideSolutionNode = FALSE
	EndGlobalSection
	GlobalSection(ExtensibilityGlobals) = postSolution
		SolutionGuid = {95DE1E89-1143-45DA-BCEE-295B8772D346}
	EndGlobalSection
EndGlobal
