
Microsoft Visual Studio Solution File, Format Version 12.00
# Visual Studio Version 16
VisualStudioVersion = 16.0.30406.217
MinimumVisualStudioVersion = 10.0.40219.1
Project("{FAE04EC0-301F-11D3-BF4B-00C04F79EFBC}") = "MedicalDeclaration", "MedicalDeclaration\MedicalDeclaration.csproj", "{C979B97D-3030-4616-B43D-C3C592A68C9B}"
EndProject
Global
	GlobalSection(SolutionConfigurationPlatforms) = preSolution
		Debug|Any CPU = Debug|Any CPU
		Release|Any CPU = Release|Any CPU
	EndGlobalSection
	GlobalSection(ProjectConfigurationPlatforms) = postSolution
		{C979B97D-3030-4616-B43D-C3C592A68C9B}.Debug|Any CPU.ActiveCfg = Debug|Any CPU
		{C979B97D-3030-4616-B43D-C3C592A68C9B}.Debug|Any CPU.Build.0 = Debug|Any CPU
		{C979B97D-3030-4616-B43D-C3C592A68C9B}.Release|Any CPU.ActiveCfg = Release|Any CPU
		{C979B97D-3030-4616-B43D-C3C592A68C9B}.Release|Any CPU.Build.0 = Release|Any CPU
	EndGlobalSection
	GlobalSection(SolutionProperties) = preSolution
		HideSolutionNode = FALSE
	EndGlobalSection
	GlobalSection(ExtensibilityGlobals) = postSolution
		SolutionGuid = {D3112C38-666C-43B2-8686-FAD7723069C3}
	EndGlobalSection
EndGlobal
