
Microsoft Visual Studio Solution File, Format Version 12.00
# Visual Studio Version 16
VisualStudioVersion = 16.0.30406.217
MinimumVisualStudioVersion = 10.0.40219.1
Project("{FAE04EC0-301F-11D3-BF4B-00C04F79EFBC}") = "SimpleDictionary", "SimpleDictionary\SimpleDictionary.csproj", "{C5C22E6A-B027-42AD-A3A6-FCC3E7DBBF2D}"
EndProject
Global
	GlobalSection(SolutionConfigurationPlatforms) = preSolution
		Debug|Any CPU = Debug|Any CPU
		Release|Any CPU = Release|Any CPU
	EndGlobalSection
	GlobalSection(ProjectConfigurationPlatforms) = postSolution
		{C5C22E6A-B027-42AD-A3A6-FCC3E7DBBF2D}.Debug|Any CPU.ActiveCfg = Debug|Any CPU
		{C5C22E6A-B027-42AD-A3A6-FCC3E7DBBF2D}.Debug|Any CPU.Build.0 = Debug|Any CPU
		{C5C22E6A-B027-42AD-A3A6-FCC3E7DBBF2D}.Release|Any CPU.ActiveCfg = Release|Any CPU
		{C5C22E6A-B027-42AD-A3A6-FCC3E7DBBF2D}.Release|Any CPU.Build.0 = Release|Any CPU
	EndGlobalSection
	GlobalSection(SolutionProperties) = preSolution
		HideSolutionNode = FALSE
	EndGlobalSection
	GlobalSection(ExtensibilityGlobals) = postSolution
		SolutionGuid = {CB86DF81-8BAE-4ED0-AB13-D46222184D9E}
	EndGlobalSection
EndGlobal
