
Microsoft Visual Studio Solution File, Format Version 12.00
# Visual Studio Version 16
VisualStudioVersion = 16.0.30406.217
MinimumVisualStudioVersion = 10.0.40219.1
Project("{FAE04EC0-301F-11D3-BF4B-00C04F79EFBC}") = "FirstProjectASP", "FirstProjectASP\FirstProjectASP.csproj", "{7F88248B-D417-455D-A40B-52F8E6AE2158}"
EndProject
Global
	GlobalSection(SolutionConfigurationPlatforms) = preSolution
		Debug|Any CPU = Debug|Any CPU
		Release|Any CPU = Release|Any CPU
	EndGlobalSection
	GlobalSection(ProjectConfigurationPlatforms) = postSolution
		{7F88248B-D417-455D-A40B-52F8E6AE2158}.Debug|Any CPU.ActiveCfg = Debug|Any CPU
		{7F88248B-D417-455D-A40B-52F8E6AE2158}.Debug|Any CPU.Build.0 = Debug|Any CPU
		{7F88248B-D417-455D-A40B-52F8E6AE2158}.Release|Any CPU.ActiveCfg = Release|Any CPU
		{7F88248B-D417-455D-A40B-52F8E6AE2158}.Release|Any CPU.Build.0 = Release|Any CPU
	EndGlobalSection
	GlobalSection(SolutionProperties) = preSolution
		HideSolutionNode = FALSE
	EndGlobalSection
	GlobalSection(ExtensibilityGlobals) = postSolution
		SolutionGuid = {53016305-C817-4BCF-ACC8-32A38B3439D6}
	EndGlobalSection
EndGlobal
