
Microsoft Visual Studio Solution File, Format Version 12.00
# Visual Studio Version 16
VisualStudioVersion = 16.0.30406.217
MinimumVisualStudioVersion = 10.0.40219.1
Project("{FAE04EC0-301F-11D3-BF4B-00C04F79EFBC}") = "CustomerManager", "CustomerManager\CustomerManager.csproj", "{0C60E691-C752-4520-925F-16B99C9A914B}"
EndProject
Global
	GlobalSection(SolutionConfigurationPlatforms) = preSolution
		Debug|Any CPU = Debug|Any CPU
		Release|Any CPU = Release|Any CPU
	EndGlobalSection
	GlobalSection(ProjectConfigurationPlatforms) = postSolution
		{0C60E691-C752-4520-925F-16B99C9A914B}.Debug|Any CPU.ActiveCfg = Debug|Any CPU
		{0C60E691-C752-4520-925F-16B99C9A914B}.Debug|Any CPU.Build.0 = Debug|Any CPU
		{0C60E691-C752-4520-925F-16B99C9A914B}.Release|Any CPU.ActiveCfg = Release|Any CPU
		{0C60E691-C752-4520-925F-16B99C9A914B}.Release|Any CPU.Build.0 = Release|Any CPU
	EndGlobalSection
	GlobalSection(SolutionProperties) = preSolution
		HideSolutionNode = FALSE
	EndGlobalSection
	GlobalSection(ExtensibilityGlobals) = postSolution
		SolutionGuid = {53C30D3F-FFF2-4FE4-8BDC-0FCA6E210BD4}
	EndGlobalSection
EndGlobal
