
Microsoft Visual Studio Solution File, Format Version 12.00
# Visual Studio Version 16
VisualStudioVersion = 16.0.30406.217
MinimumVisualStudioVersion = 10.0.40219.1
Project("{FAE04EC0-301F-11D3-BF4B-00C04F79EFBC}") = "Currency-Converter", "Currency-Converter\Currency-Converter.csproj", "{E7E19E68-8495-4788-B703-0F1FDE8C68E1}"
EndProject
Global
	GlobalSection(SolutionConfigurationPlatforms) = preSolution
		Debug|Any CPU = Debug|Any CPU
		Release|Any CPU = Release|Any CPU
	EndGlobalSection
	GlobalSection(ProjectConfigurationPlatforms) = postSolution
		{E7E19E68-8495-4788-B703-0F1FDE8C68E1}.Debug|Any CPU.ActiveCfg = Debug|Any CPU
		{E7E19E68-8495-4788-B703-0F1FDE8C68E1}.Debug|Any CPU.Build.0 = Debug|Any CPU
		{E7E19E68-8495-4788-B703-0F1FDE8C68E1}.Release|Any CPU.ActiveCfg = Release|Any CPU
		{E7E19E68-8495-4788-B703-0F1FDE8C68E1}.Release|Any CPU.Build.0 = Release|Any CPU
	EndGlobalSection
	GlobalSection(SolutionProperties) = preSolution
		HideSolutionNode = FALSE
	EndGlobalSection
	GlobalSection(ExtensibilityGlobals) = postSolution
		SolutionGuid = {0534C0D0-5B75-4C57-BF46-1CBF8B92BD68}
	EndGlobalSection
EndGlobal
