
Microsoft Visual Studio Solution File, Format Version 12.00
# Visual Studio Version 16
VisualStudioVersion = 16.0.30406.217
MinimumVisualStudioVersion = 10.0.40219.1
Project("{FAE04EC0-301F-11D3-BF4B-00C04F79EFBC}") = "CurrentTime", "CurrentTime\CurrentTime.csproj", "{5321018A-B0D7-422B-B1E3-969E4CBB87E2}"
EndProject
Global
	GlobalSection(SolutionConfigurationPlatforms) = preSolution
		Debug|Any CPU = Debug|Any CPU
		Release|Any CPU = Release|Any CPU
	EndGlobalSection
	GlobalSection(ProjectConfigurationPlatforms) = postSolution
		{5321018A-B0D7-422B-B1E3-969E4CBB87E2}.Debug|Any CPU.ActiveCfg = Debug|Any CPU
		{5321018A-B0D7-422B-B1E3-969E4CBB87E2}.Debug|Any CPU.Build.0 = Debug|Any CPU
		{5321018A-B0D7-422B-B1E3-969E4CBB87E2}.Release|Any CPU.ActiveCfg = Release|Any CPU
		{5321018A-B0D7-422B-B1E3-969E4CBB87E2}.Release|Any CPU.Build.0 = Release|Any CPU
	EndGlobalSection
	GlobalSection(SolutionProperties) = preSolution
		HideSolutionNode = FALSE
	EndGlobalSection
	GlobalSection(ExtensibilityGlobals) = postSolution
		SolutionGuid = {5F8A623F-1EAB-47F4-AAF2-7EBCF35F628B}
	EndGlobalSection
EndGlobal
