
Microsoft Visual Studio Solution File, Format Version 12.00
# Visual Studio Version 16
VisualStudioVersion = 16.0.30406.217
MinimumVisualStudioVersion = 10.0.40219.1
Project("{FAE04EC0-301F-11D3-BF4B-00C04F79EFBC}") = "EFSchoolManager", "EFSchoolManager\EFSchoolManager.csproj", "{2566B27D-78FB-47FE-8D1E-30D4403A224D}"
EndProject
Global
	GlobalSection(SolutionConfigurationPlatforms) = preSolution
		Debug|Any CPU = Debug|Any CPU
		Release|Any CPU = Release|Any CPU
	EndGlobalSection
	GlobalSection(ProjectConfigurationPlatforms) = postSolution
		{2566B27D-78FB-47FE-8D1E-30D4403A224D}.Debug|Any CPU.ActiveCfg = Debug|Any CPU
		{2566B27D-78FB-47FE-8D1E-30D4403A224D}.Debug|Any CPU.Build.0 = Debug|Any CPU
		{2566B27D-78FB-47FE-8D1E-30D4403A224D}.Release|Any CPU.ActiveCfg = Release|Any CPU
		{2566B27D-78FB-47FE-8D1E-30D4403A224D}.Release|Any CPU.Build.0 = Release|Any CPU
	EndGlobalSection
	GlobalSection(SolutionProperties) = preSolution
		HideSolutionNode = FALSE
	EndGlobalSection
	GlobalSection(ExtensibilityGlobals) = postSolution
		SolutionGuid = {757523CC-0A32-4C8C-B6B3-6140035D274C}
	EndGlobalSection
EndGlobal
