
Microsoft Visual Studio Solution File, Format Version 12.00
# Visual Studio Version 16
VisualStudioVersion = 16.0.30406.217
MinimumVisualStudioVersion = 10.0.40219.1
Project("{FAE04EC0-301F-11D3-BF4B-00C04F79EFBC}") = "TextFormat", "TextFormat\TextFormat.csproj", "{376E2C23-B4F5-429B-A5DF-C07B96CA9026}"
EndProject
Global
	GlobalSection(SolutionConfigurationPlatforms) = preSolution
		Debug|Any CPU = Debug|Any CPU
		Release|Any CPU = Release|Any CPU
	EndGlobalSection
	GlobalSection(ProjectConfigurationPlatforms) = postSolution
		{376E2C23-B4F5-429B-A5DF-C07B96CA9026}.Debug|Any CPU.ActiveCfg = Debug|Any CPU
		{376E2C23-B4F5-429B-A5DF-C07B96CA9026}.Debug|Any CPU.Build.0 = Debug|Any CPU
		{376E2C23-B4F5-429B-A5DF-C07B96CA9026}.Release|Any CPU.ActiveCfg = Release|Any CPU
		{376E2C23-B4F5-429B-A5DF-C07B96CA9026}.Release|Any CPU.Build.0 = Release|Any CPU
	EndGlobalSection
	GlobalSection(SolutionProperties) = preSolution
		HideSolutionNode = FALSE
	EndGlobalSection
	GlobalSection(ExtensibilityGlobals) = postSolution
		SolutionGuid = {DB122C18-6871-4E36-A251-8C5E4D880104}
	EndGlobalSection
EndGlobal
