
Microsoft Visual Studio Solution File, Format Version 12.00
# Visual Studio Version 16
VisualStudioVersion = 16.0.30406.217
MinimumVisualStudioVersion = 10.0.40219.1
Project("{FAE04EC0-301F-11D3-BF4B-00C04F79EFBC}") = "BlogManagement", "BlogManagement\BlogManagement.csproj", "{1161BF3E-734F-4E1F-974A-B021E79CDAF7}"
EndProject
Global
	GlobalSection(SolutionConfigurationPlatforms) = preSolution
		Debug|Any CPU = Debug|Any CPU
		Release|Any CPU = Release|Any CPU
	EndGlobalSection
	GlobalSection(ProjectConfigurationPlatforms) = postSolution
		{1161BF3E-734F-4E1F-974A-B021E79CDAF7}.Debug|Any CPU.ActiveCfg = Debug|Any CPU
		{1161BF3E-734F-4E1F-974A-B021E79CDAF7}.Debug|Any CPU.Build.0 = Debug|Any CPU
		{1161BF3E-734F-4E1F-974A-B021E79CDAF7}.Release|Any CPU.ActiveCfg = Release|Any CPU
		{1161BF3E-734F-4E1F-974A-B021E79CDAF7}.Release|Any CPU.Build.0 = Release|Any CPU
	EndGlobalSection
	GlobalSection(SolutionProperties) = preSolution
		HideSolutionNode = FALSE
	EndGlobalSection
	GlobalSection(ExtensibilityGlobals) = postSolution
		SolutionGuid = {B4428084-7F9D-4B2F-ACB6-47906B7AE734}
	EndGlobalSection
EndGlobal
